
Microsoft Visual Studio Solution File, Format Version 12.00
Project("{FAE04EC0-301F-11D3-BF4B-00C04F79EFBC}") = "TaskListApi", "TaskListApi\TaskListApi.csproj", "{0A9CE095-1726-4626-A045-7CDFC91AEE4E}"
EndProject
Global
	GlobalSection(SolutionConfigurationPlatforms) = preSolution
		Debug|Any CPU = Debug|Any CPU
		Release|Any CPU = Release|Any CPU
	EndGlobalSection
	GlobalSection(ProjectConfigurationPlatforms) = postSolution
		{0A9CE095-1726-4626-A045-7CDFC91AEE4E}.Debug|Any CPU.ActiveCfg = Debug|Any CPU
		{0A9CE095-1726-4626-A045-7CDFC91AEE4E}.Debug|Any CPU.Build.0 = Debug|Any CPU
		{0A9CE095-1726-4626-A045-7CDFC91AEE4E}.Release|Any CPU.ActiveCfg = Release|Any CPU
		{0A9CE095-1726-4626-A045-7CDFC91AEE4E}.Release|Any CPU.Build.0 = Release|Any CPU
	EndGlobalSection
EndGlobal
